// !$*UTF8*$!
{
	archiveVersion = 1;
	classes = {
	};
	objectVersion = 56;
	objects = {

/* Begin PBXBuildFile section */
		80CEADF52B3D02DF00EEE4B9 /* AppDelegate.swift in Sources */ = {isa = PBXBuildFile; fileRef = 80CEADF42B3D02DF00EEE4B9 /* AppDelegate.swift */; };
		80CEADF72B3D02DF00EEE4B9 /* SceneDelegate.swift in Sources */ = {isa = PBXBuildFile; fileRef = 80CEADF62B3D02DF00EEE4B9 /* SceneDelegate.swift */; };
		80CEADF92B3D02DF00EEE4B9 /* ViewController.swift in Sources */ = {isa = PBXBuildFile; fileRef = 80CEADF82B3D02DF00EEE4B9 /* ViewController.swift */; };
		80CEADFC2B3D02DF00EEE4B9 /* Main.storyboard in Resources */ = {isa = PBXBuildFile; fileRef = 80CEADFA2B3D02DF00EEE4B9 /* Main.storyboard */; };
		80CEADFE2B3D02E100EEE4B9 /* Assets.xcassets in Resources */ = {isa = PBXBuildFile; fileRef = 80CEADFD2B3D02E100EEE4B9 /* Assets.xcassets */; };
		80CEAE012B3D02E100EEE4B9 /* LaunchScreen.storyboard in Resources */ = {isa = PBXBuildFile; fileRef = 80CEADFF2B3D02E100EEE4B9 /* LaunchScreen.storyboard */; };
		80CEAE0A2B3D634500EEE4B9 /* .gitignore in Resources */ = {isa = PBXBuildFile; fileRef = 80CEAE092B3D634500EEE4B9 /* .gitignore */; };
		80CEAE0C2B3D636200EEE4B9 /* LoginKey.swift in Sources */ = {isa = PBXBuildFile; fileRef = 80CEAE0B2B3D636200EEE4B9 /* LoginKey.swift */; };
		884F34637390EE2164477D0C /* Pods_SeSACAppleLogin.framework in Frameworks */ = {isa = PBXBuildFile; fileRef = 4863C148523BC284C469ACAD /* Pods_SeSACAppleLogin.framework */; };
/* End PBXBuildFile section */

/* Begin PBXFileReference section */
		4863C148523BC284C469ACAD /* Pods_SeSACAppleLogin.framework */ = {isa = PBXFileReference; explicitFileType = wrapper.framework; includeInIndex = 0; path = Pods_SeSACAppleLogin.framework; sourceTree = BUILT_PRODUCTS_DIR; };
		80CEADF12B3D02DF00EEE4B9 /* SeSACAppleLogin.app */ = {isa = PBXFileReference; explicitFileType = wrapper.application; includeInIndex = 0; path = SeSACAppleLogin.app; sourceTree = BUILT_PRODUCTS_DIR; };
		80CEADF42B3D02DF00EEE4B9 /* AppDelegate.swift */ = {isa = PBXFileReference; lastKnownFileType = sourcecode.swift; path = AppDelegate.swift; sourceTree = "<group>"; };
		80CEADF62B3D02DF00EEE4B9 /* SceneDelegate.swift */ = {isa = PBXFileReference; lastKnownFileType = sourcecode.swift; path = SceneDelegate.swift; sourceTree = "<group>"; };
		80CEADF82B3D02DF00EEE4B9 /* ViewController.swift */ = {isa = PBXFileReference; lastKnownFileType = sourcecode.swift; path = ViewController.swift; sourceTree = "<group>"; };
		80CEADFB2B3D02DF00EEE4B9 /* Base */ = {isa = PBXFileReference; lastKnownFileType = file.storyboard; name = Base; path = Base.lproj/Main.storyboard; sourceTree = "<group>"; };
		80CEADFD2B3D02E100EEE4B9 /* Assets.xcassets */ = {isa = PBXFileReference; lastKnownFileType = folder.assetcatalog; path = Assets.xcassets; sourceTree = "<group>"; };
		80CEAE002B3D02E100EEE4B9 /* Base */ = {isa = PBXFileReference; lastKnownFileType = file.storyboard; name = Base; path = Base.lproj/LaunchScreen.storyboard; sourceTree = "<group>"; };
		80CEAE022B3D02E100EEE4B9 /* Info.plist */ = {isa = PBXFileReference; lastKnownFileType = text.plist.xml; path = Info.plist; sourceTree = "<group>"; };
		80CEAE082B3D0C3000EEE4B9 /* SeSACAppleLogin.entitlements */ = {isa = PBXFileReference; lastKnownFileType = text.plist.entitlements; path = SeSACAppleLogin.entitlements; sourceTree = "<group>"; };
		80CEAE092B3D634500EEE4B9 /* .gitignore */ = {isa = PBXFileReference; lastKnownFileType = text; path = .gitignore; sourceTree = "<group>"; };
		80CEAE0B2B3D636200EEE4B9 /* LoginKey.swift */ = {isa = PBXFileReference; lastKnownFileType = sourcecode.swift; path = LoginKey.swift; sourceTree = "<group>"; };
		BA357E5A53151F0E8CC911B7 /* Pods-SeSACAppleLogin.debug.xcconfig */ = {isa = PBXFileReference; includeInIndex = 1; lastKnownFileType = text.xcconfig; name = "Pods-SeSACAppleLogin.debug.xcconfig"; path = "Target Support Files/Pods-SeSACAppleLogin/Pods-SeSACAppleLogin.debug.xcconfig"; sourceTree = "<group>"; };
		D66BEEA0886AD463D1749A30 /* Pods-SeSACAppleLogin.release.xcconfig */ = {isa = PBXFileReference; includeInIndex = 1; lastKnownFileType = text.xcconfig; name = "Pods-SeSACAppleLogin.release.xcconfig"; path = "Target Support Files/Pods-SeSACAppleLogin/Pods-SeSACAppleLogin.release.xcconfig"; sourceTree = "<group>"; };
/* End PBXFileReference section */

/* Begin PBXFrameworksBuildPhase section */
		80CEADEE2B3D02DF00EEE4B9 /* Frameworks */ = {
			isa = PBXFrameworksBuildPhase;
			buildActionMask = 2147483647;
			files = (
				884F34637390EE2164477D0C /* Pods_SeSACAppleLogin.framework in Frameworks */,
			);
			runOnlyForDeploymentPostprocessing = 0;
		};
/* End PBXFrameworksBuildPhase section */

/* Begin PBXGroup section */
		34450CB1E9527DC7D45764DD /* Frameworks */ = {
			isa = PBXGroup;
			children = (
				4863C148523BC284C469ACAD /* Pods_SeSACAppleLogin.framework */,
			);
			name = Frameworks;
			sourceTree = "<group>";
		};
		58CAE66E65B5DC7FD0994004 /* Pods */ = {
			isa = PBXGroup;
			children = (
				BA357E5A53151F0E8CC911B7 /* Pods-SeSACAppleLogin.debug.xcconfig */,
				D66BEEA0886AD463D1749A30 /* Pods-SeSACAppleLogin.release.xcconfig */,
			);
			path = Pods;
			sourceTree = "<group>";
		};
		80CEADE82B3D02DF00EEE4B9 = {
			isa = PBXGroup;
			children = (
				80CEAE092B3D634500EEE4B9 /* .gitignore */,
				80CEADF32B3D02DF00EEE4B9 /* SeSACAppleLogin */,
				80CEADF22B3D02DF00EEE4B9 /* Products */,
				58CAE66E65B5DC7FD0994004 /* Pods */,
				34450CB1E9527DC7D45764DD /* Frameworks */,
			);
			sourceTree = "<group>";
		};
		80CEADF22B3D02DF00EEE4B9 /* Products */ = {
			isa = PBXGroup;
			children = (
				80CEADF12B3D02DF00EEE4B9 /* SeSACAppleLogin.app */,
			);
			name = Products;
			sourceTree = "<group>";
		};
		80CEADF32B3D02DF00EEE4B9 /* SeSACAppleLogin */ = {
			isa = PBXGroup;
			children = (
				80CEAE082B3D0C3000EEE4B9 /* SeSACAppleLogin.entitlements */,
				80CEADF42B3D02DF00EEE4B9 /* AppDelegate.swift */,
				80CEADF62B3D02DF00EEE4B9 /* SceneDelegate.swift */,
				80CEADF82B3D02DF00EEE4B9 /* ViewController.swift */,
				80CEADFA2B3D02DF00EEE4B9 /* Main.storyboard */,
				80CEADFD2B3D02E100EEE4B9 /* Assets.xcassets */,
				80CEADFF2B3D02E100EEE4B9 /* LaunchScreen.storyboard */,
				80CEAE022B3D02E100EEE4B9 /* Info.plist */,
				80CEAE0B2B3D636200EEE4B9 /* LoginKey.swift */,
			);
			path = SeSACAppleLogin;
			sourceTree = "<group>";
		};
/* End PBXGroup section */

/* Begin PBXNativeTarget section */
		80CEADF02B3D02DF00EEE4B9 /* SeSACAppleLogin */ = {
			isa = PBXNativeTarget;
			buildConfigurationList = 80CEAE052B3D02E100EEE4B9 /* Build configuration list for PBXNativeTarget "SeSACAppleLogin" */;
			buildPhases = (
				2CFC23C0CE7C6A39010BEC47 /* [CP] Check Pods Manifest.lock */,
				80CEADED2B3D02DF00EEE4B9 /* Sources */,
				80CEADEE2B3D02DF00EEE4B9 /* Frameworks */,
				80CEADEF2B3D02DF00EEE4B9 /* Resources */,
				807C50F0F2A2B58D98D63088 /* [CP] Embed Pods Frameworks */,
			);
			buildRules = (
			);
			dependencies = (
			);
			name = SeSACAppleLogin;
			productName = SeSACAppleLogin;
			productReference = 80CEADF12B3D02DF00EEE4B9 /* SeSACAppleLogin.app */;
			productType = "com.apple.product-type.application";
		};
/* End PBXNativeTarget section */

/* Begin PBXProject section */
		80CEADE92B3D02DF00EEE4B9 /* Project object */ = {
			isa = PBXProject;
			attributes = {
				BuildIndependentTargetsInParallel = 1;
				LastSwiftUpdateCheck = 1500;
				LastUpgradeCheck = 1500;
				TargetAttributes = {
					80CEADF02B3D02DF00EEE4B9 = {
						CreatedOnToolsVersion = 15.0.1;
					};
				};
			};
			buildConfigurationList = 80CEADEC2B3D02DF00EEE4B9 /* Build configuration list for PBXProject "SeSACAppleLogin" */;
			compatibilityVersion = "Xcode 14.0";
			developmentRegion = en;
			hasScannedForEncodings = 0;
			knownRegions = (
				en,
				Base,
			);
			mainGroup = 80CEADE82B3D02DF00EEE4B9;
			productRefGroup = 80CEADF22B3D02DF00EEE4B9 /* Products */;
			projectDirPath = "";
			projectRoot = "";
			targets = (
				80CEADF02B3D02DF00EEE4B9 /* SeSACAppleLogin */,
			);
		};
/* End PBXProject section */

/* Begin PBXResourcesBuildPhase section */
		80CEADEF2B3D02DF00EEE4B9 /* Resources */ = {
			isa = PBXResourcesBuildPhase;
			buildActionMask = 2147483647;
			files = (
				80CEAE0A2B3D634500EEE4B9 /* .gitignore in Resources */,
				80CEAE012B3D02E100EEE4B9 /* LaunchScreen.storyboard in Resources */,
				80CEADFE2B3D02E100EEE4B9 /* Assets.xcassets in Resources */,
				80CEADFC2B3D02DF00EEE4B9 /* Main.storyboard in Resources */,
			);
			runOnlyForDeploymentPostprocessing = 0;
		};
/* End PBXResourcesBuildPhase section */

/* Begin PBXShellScriptBuildPhase section */
		2CFC23C0CE7C6A39010BEC47 /* [CP] Check Pods Manifest.lock */ = {
			isa = PBXShellScriptBuildPhase;
			buildActionMask = 2147483647;
			files = (
			);
			inputFileListPaths = (
			);
			inputPaths = (
				"${PODS_PODFILE_DIR_PATH}/Podfile.lock",
				"${PODS_ROOT}/Manifest.lock",
			);
			name = "[CP] Check Pods Manifest.lock";
			outputFileListPaths = (
			);
			outputPaths = (
				"$(DERIVED_FILE_DIR)/Pods-SeSACAppleLogin-checkManifestLockResult.txt",
			);
			runOnlyForDeploymentPostprocessing = 0;
			shellPath = /bin/sh;
			shellScript = "diff \"${PODS_PODFILE_DIR_PATH}/Podfile.lock\" \"${PODS_ROOT}/Manifest.lock\" > /dev/null\nif [ $? != 0 ] ; then\n    # print error to STDERR\n    echo \"error: The sandbox is not in sync with the Podfile.lock. Run 'pod install' or update your CocoaPods installation.\" >&2\n    exit 1\nfi\n# This output is used by Xcode 'outputs' to avoid re-running this script phase.\necho \"SUCCESS\" > \"${SCRIPT_OUTPUT_FILE_0}\"\n";
			showEnvVarsInLog = 0;
		};
		807C50F0F2A2B58D98D63088 /* [CP] Embed Pods Frameworks */ = {
			isa = PBXShellScriptBuildPhase;
			buildActionMask = 2147483647;
			files = (
			);
			inputFileListPaths = (
				"${PODS_ROOT}/Target Support Files/Pods-SeSACAppleLogin/Pods-SeSACAppleLogin-frameworks-${CONFIGURATION}-input-files.xcfilelist",
			);
			name = "[CP] Embed Pods Frameworks";
			outputFileListPaths = (
				"${PODS_ROOT}/Target Support Files/Pods-SeSACAppleLogin/Pods-SeSACAppleLogin-frameworks-${CONFIGURATION}-output-files.xcfilelist",
			);
			runOnlyForDeploymentPostprocessing = 0;
			shellPath = /bin/sh;
			shellScript = "\"${PODS_ROOT}/Target Support Files/Pods-SeSACAppleLogin/Pods-SeSACAppleLogin-frameworks.sh\"\n";
			showEnvVarsInLog = 0;
		};
/* End PBXShellScriptBuildPhase section */

/* Begin PBXSourcesBuildPhase section */
		80CEADED2B3D02DF00EEE4B9 /* Sources */ = {
			isa = PBXSourcesBuildPhase;
			buildActionMask = 2147483647;
			files = (
				80CEADF92B3D02DF00EEE4B9 /* ViewController.swift in Sources */,
				80CEADF52B3D02DF00EEE4B9 /* AppDelegate.swift in Sources */,
				80CEADF72B3D02DF00EEE4B9 /* SceneDelegate.swift in Sources */,
				80CEAE0C2B3D636200EEE4B9 /* LoginKey.swift in Sources */,
			);
			runOnlyForDeploymentPostprocessing = 0;
		};
/* End PBXSourcesBuildPhase section */

/* Begin PBXVariantGroup section */
		80CEADFA2B3D02DF00EEE4B9 /* Main.storyboard */ = {
			isa = PBXVariantGroup;
			children = (
				80CEADFB2B3D02DF00EEE4B9 /* Base */,
			);
			name = Main.storyboard;
			sourceTree = "<group>";
		};
		80CEADFF2B3D02E100EEE4B9 /* LaunchScreen.storyboard */ = {
			isa = PBXVariantGroup;
			children = (
				80CEAE002B3D02E100EEE4B9 /* Base */,
			);
			name = LaunchScreen.storyboard;
			sourceTree = "<group>";
		};
/* End PBXVariantGroup section */

/* Begin XCBuildConfiguration section */
		80CEAE032B3D02E100EEE4B9 /* Debug */ = {
			isa = XCBuildConfiguration;
			buildSettings = {
				ALWAYS_SEARCH_USER_PATHS = NO;
				ASSETCATALOG_COMPILER_GENERATE_SWIFT_ASSET_SYMBOL_EXTENSIONS = YES;
				CLANG_ANALYZER_NONNULL = YES;
				CLANG_ANALYZER_NUMBER_OBJECT_CONVERSION = YES_AGGRESSIVE;
				CLANG_CXX_LANGUAGE_STANDARD = "gnu++20";
				CLANG_ENABLE_MODULES = YES;
				CLANG_ENABLE_OBJC_ARC = YES;
				CLANG_ENABLE_OBJC_WEAK = YES;
				CLANG_WARN_BLOCK_CAPTURE_AUTORELEASING = YES;
				CLANG_WARN_BOOL_CONVERSION = YES;
				CLANG_WARN_COMMA = YES;
				CLANG_WARN_CONSTANT_CONVERSION = YES;
				CLANG_WARN_DEPRECATED_OBJC_IMPLEMENTATIONS = YES;
				CLANG_WARN_DIRECT_OBJC_ISA_USAGE = YES_ERROR;
				CLANG_WARN_DOCUMENTATION_COMMENTS = YES;
				CLANG_WARN_EMPTY_BODY = YES;
				CLANG_WARN_ENUM_CONVERSION = YES;
				CLANG_WARN_INFINITE_RECURSION = YES;
				CLANG_WARN_INT_CONVERSION = YES;
				CLANG_WARN_NON_LITERAL_NULL_CONVERSION = YES;
				CLANG_WARN_OBJC_IMPLICIT_RETAIN_SELF = YES;
				CLANG_WARN_OBJC_LITERAL_CONVERSION = YES;
				CLANG_WARN_OBJC_ROOT_CLASS = YES_ERROR;
				CLANG_WARN_QUOTED_INCLUDE_IN_FRAMEWORK_HEADER = YES;
				CLANG_WARN_RANGE_LOOP_ANALYSIS = YES;
				CLANG_WARN_STRICT_PROTOTYPES = YES;
				CLANG_WARN_SUSPICIOUS_MOVE = YES;
				CLANG_WARN_UNGUARDED_AVAILABILITY = YES_AGGRESSIVE;
				CLANG_WARN_UNREACHABLE_CODE = YES;
				CLANG_WARN__DUPLICATE_METHOD_MATCH = YES;
				COPY_PHASE_STRIP = NO;
				DEBUG_INFORMATION_FORMAT = dwarf;
				ENABLE_STRICT_OBJC_MSGSEND = YES;
				ENABLE_TESTABILITY = YES;
				ENABLE_USER_SCRIPT_SANDBOXING = YES;
				GCC_C_LANGUAGE_STANDARD = gnu17;
				GCC_DYNAMIC_NO_PIC = NO;
				GCC_NO_COMMON_BLOCKS = YES;
				GCC_OPTIMIZATION_LEVEL = 0;
				GCC_PREPROCESSOR_DEFINITIONS = (
					"DEBUG=1",
					"$(inherited)",
				);
				GCC_WARN_64_TO_32_BIT_CONVERSION = YES;
				GCC_WARN_ABOUT_RETURN_TYPE = YES_ERROR;
				GCC_WARN_UNDECLARED_SELECTOR = YES;
				GCC_WARN_UNINITIALIZED_AUTOS = YES_AGGRESSIVE;
				GCC_WARN_UNUSED_FUNCTION = YES;
				GCC_WARN_UNUSED_VARIABLE = YES;
				IPHONEOS_DEPLOYMENT_TARGET = 17.0;
				LOCALIZATION_PREFERS_STRING_CATALOGS = YES;
				MTL_ENABLE_DEBUG_INFO = INCLUDE_SOURCE;
				MTL_FAST_MATH = YES;
				ONLY_ACTIVE_ARCH = YES;
				SDKROOT = iphoneos;
				SWIFT_ACTIVE_COMPILATION_CONDITIONS = "DEBUG $(inherited)";
				SWIFT_OPTIMIZATION_LEVEL = "-Onone";
			};
			name = Debug;
		};
		80CEAE042B3D02E100EEE4B9 /* Release */ = {
			isa = XCBuildConfiguration;
			buildSettings = {
				ALWAYS_SEARCH_USER_PATHS = NO;
				ASSETCATALOG_COMPILER_GENERATE_SWIFT_ASSET_SYMBOL_EXTENSIONS = YES;
				CLANG_ANALYZER_NONNULL = YES;
				CLANG_ANALYZER_NUMBER_OBJECT_CONVERSION = YES_AGGRESSIVE;
				CLANG_CXX_LANGUAGE_STANDARD = "gnu++20";
				CLANG_ENABLE_MODULES = YES;
				CLANG_ENABLE_OBJC_ARC = YES;
				CLANG_ENABLE_OBJC_WEAK = YES;
				CLANG_WARN_BLOCK_CAPTURE_AUTORELEASING = YES;
				CLANG_WARN_BOOL_CONVERSION = YES;
				CLANG_WARN_COMMA = YES;
				CLANG_WARN_CONSTANT_CONVERSION = YES;
				CLANG_WARN_DEPRECATED_OBJC_IMPLEMENTATIONS = YES;
				CLANG_WARN_DIRECT_OBJC_ISA_USAGE = YES_ERROR;
				CLANG_WARN_DOCUMENTATION_COMMENTS = YES;
				CLANG_WARN_EMPTY_BODY = YES;
				CLANG_WARN_ENUM_CONVERSION = YES;
				CLANG_WARN_INFINITE_RECURSION = YES;
				CLANG_WARN_INT_CONVERSION = YES;
				CLANG_WARN_NON_LITERAL_NULL_CONVERSION = YES;
				CLANG_WARN_OBJC_IMPLICIT_RETAIN_SELF = YES;
				CLANG_WARN_OBJC_LITERAL_CONVERSION = YES;
				CLANG_WARN_OBJC_ROOT_CLASS = YES_ERROR;
				CLANG_WARN_QUOTED_INCLUDE_IN_FRAMEWORK_HEADER = YES;
				CLANG_WARN_RANGE_LOOP_ANALYSIS = YES;
				CLANG_WARN_STRICT_PROTOTYPES = YES;
				CLANG_WARN_SUSPICIOUS_MOVE = YES;
				CLANG_WARN_UNGUARDED_AVAILABILITY = YES_AGGRESSIVE;
				CLANG_WARN_UNREACHABLE_CODE = YES;
				CLANG_WARN__DUPLICATE_METHOD_MATCH = YES;
				COPY_PHASE_STRIP = NO;
				DEBUG_INFORMATION_FORMAT = "dwarf-with-dsym";
				ENABLE_NS_ASSERTIONS = NO;
				ENABLE_STRICT_OBJC_MSGSEND = YES;
				ENABLE_USER_SCRIPT_SANDBOXING = YES;
				GCC_C_LANGUAGE_STANDARD = gnu17;
				GCC_NO_COMMON_BLOCKS = YES;
				GCC_WARN_64_TO_32_BIT_CONVERSION = YES;
				GCC_WARN_ABOUT_RETURN_TYPE = YES_ERROR;
				GCC_WARN_UNDECLARED_SELECTOR = YES;
				GCC_WARN_UNINITIALIZED_AUTOS = YES_AGGRESSIVE;
				GCC_WARN_UNUSED_FUNCTION = YES;
				GCC_WARN_UNUSED_VARIABLE = YES;
				IPHONEOS_DEPLOYMENT_TARGET = 17.0;
				LOCALIZATION_PREFERS_STRING_CATALOGS = YES;
				MTL_ENABLE_DEBUG_INFO = NO;
				MTL_FAST_MATH = YES;
				SDKROOT = iphoneos;
				SWIFT_COMPILATION_MODE = wholemodule;
				VALIDATE_PRODUCT = YES;
			};
			name = Release;
		};
		80CEAE062B3D02E100EEE4B9 /* Debug */ = {
			isa = XCBuildConfiguration;
			baseConfigurationReference = BA357E5A53151F0E8CC911B7 /* Pods-SeSACAppleLogin.debug.xcconfig */;
			buildSettings = {
				ASSETCATALOG_COMPILER_APPICON_NAME = AppIcon;
				ASSETCATALOG_COMPILER_GLOBAL_ACCENT_COLOR_NAME = AccentColor;
				CODE_SIGN_ENTITLEMENTS = SeSACAppleLogin/SeSACAppleLogin.entitlements;
				CODE_SIGN_STYLE = Automatic;
				CURRENT_PROJECT_VERSION = 1;
				DEVELOPMENT_TEAM = PUJ68C53FY;
				GENERATE_INFOPLIST_FILE = YES;
				INFOPLIST_FILE = SeSACAppleLogin/Info.plist;
				INFOPLIST_KEY_UIApplicationSupportsIndirectInputEvents = YES;
				INFOPLIST_KEY_UILaunchStoryboardName = LaunchScreen;
				INFOPLIST_KEY_UIMainStoryboardFile = Main;
				INFOPLIST_KEY_UISupportedInterfaceOrientations_iPad = "UIInterfaceOrientationPortrait UIInterfaceOrientationPortraitUpsideDown UIInterfaceOrientationLandscapeLeft UIInterfaceOrientationLandscapeRight";
				INFOPLIST_KEY_UISupportedInterfaceOrientations_iPhone = "UIInterfaceOrientationPortrait UIInterfaceOrientationLandscapeLeft UIInterfaceOrientationLandscapeRight";
				LD_RUNPATH_SEARCH_PATHS = (
					"$(inherited)",
					"@executable_path/Frameworks",
				);
				MARKETING_VERSION = 1.0;
				PRODUCT_BUNDLE_IDENTIFIER = com.Han.SeSACAppleLogin;
				PRODUCT_NAME = "$(TARGET_NAME)";
				SWIFT_EMIT_LOC_STRINGS = YES;
				SWIFT_VERSION = 5.0;
				TARGETED_DEVICE_FAMILY = "1,2";
			};
			name = Debug;
		};
		80CEAE072B3D02E100EEE4B9 /* Release */ = {
			isa = XCBuildConfiguration;
			baseConfigurationReference = D66BEEA0886AD463D1749A30 /* Pods-SeSACAppleLogin.release.xcconfig */;
			buildSettings = {
				ASSETCATALOG_COMPILER_APPICON_NAME = AppIcon;
				ASSETCATALOG_COMPILER_GLOBAL_ACCENT_COLOR_NAME = AccentColor;
				CODE_SIGN_ENTITLEMENTS = SeSACAppleLogin/SeSACAppleLogin.entitlements;
				CODE_SIGN_STYLE = Automatic;
				CURRENT_PROJECT_VERSION = 1;
				DEVELOPMENT_TEAM = PUJ68C53FY;
				GENERATE_INFOPLIST_FILE = YES;
				INFOPLIST_FILE = SeSACAppleLogin/Info.plist;
				INFOPLIST_KEY_UIApplicationSupportsIndirectInputEvents = YES;
				INFOPLIST_KEY_UILaunchStoryboardName = LaunchScreen;
				INFOPLIST_KEY_UIMainStoryboardFile = Main;
				INFOPLIST_KEY_UISupportedInterfaceOrientations_iPad = "UIInterfaceOrientationPortrait UIInterfaceOrientationPortraitUpsideDown UIInterfaceOrientationLandscapeLeft UIInterfaceOrientationLandscapeRight";
				INFOPLIST_KEY_UISupportedInterfaceOrientations_iPhone = "UIInterfaceOrientationPortrait UIInterfaceOrientationLandscapeLeft UIInterfaceOrientationLandscapeRight";
				LD_RUNPATH_SEARCH_PATHS = (
					"$(inherited)",
					"@executable_path/Frameworks",
				);
				MARKETING_VERSION = 1.0;
				PRODUCT_BUNDLE_IDENTIFIER = com.Han.SeSACAppleLogin;
				PRODUCT_NAME = "$(TARGET_NAME)";
				SWIFT_EMIT_LOC_STRINGS = YES;
				SWIFT_VERSION = 5.0;
				TARGETED_DEVICE_FAMILY = "1,2";
			};
			name = Release;
		};
/* End XCBuildConfiguration section */

/* Begin XCConfigurationList section */
		80CEADEC2B3D02DF00EEE4B9 /* Build configuration list for PBXProject "SeSACAppleLogin" */ = {
			isa = XCConfigurationList;
			buildConfigurations = (
				80CEAE032B3D02E100EEE4B9 /* Debug */,
				80CEAE042B3D02E100EEE4B9 /* Release */,
			);
			defaultConfigurationIsVisible = 0;
			defaultConfigurationName = Release;
		};
		80CEAE052B3D02E100EEE4B9 /* Build configuration list for PBXNativeTarget "SeSACAppleLogin" */ = {
			isa = XCConfigurationList;
			buildConfigurations = (
				80CEAE062B3D02E100EEE4B9 /* Debug */,
				80CEAE072B3D02E100EEE4B9 /* Release */,
			);
			defaultConfigurationIsVisible = 0;
			defaultConfigurationName = Release;
		};
/* End XCConfigurationList section */
	};
	rootObject = 80CEADE92B3D02DF00EEE4B9 /* Project object */;
}
